// !$*UTF8*$!
{
	archiveVersion = 1;
	classes = {
	};
	objectVersion = 46;
	objects = {

/* Begin PBXBuildFile section */
		CB6471731A75B8040040F729 /* SDRSpinner.m in Sources */ = {isa = PBXBuildFile; fileRef = CB6471721A75B8040040F729 /* SDRSpinner.m */; };
		CBB3C3FE1A74A2EF001190FB /* main.m in Sources */ = {isa = PBXBuildFile; fileRef = CBB3C3FD1A74A2EF001190FB /* main.m */; };
		CBB3C4011A74A2EF001190FB /* AppDelegate.m in Sources */ = {isa = PBXBuildFile; fileRef = CBB3C4001A74A2EF001190FB /* AppDelegate.m */; };
		CBB3C4041A74A2EF001190FB /* SDRVideoFeedViewController.m in Sources */ = {isa = PBXBuildFile; fileRef = CBB3C4031A74A2EF001190FB /* SDRVideoFeedViewController.m */; };
		CBB3C4091A74A2EF001190FB /* Images.xcassets in Resources */ = {isa = PBXBuildFile; fileRef = CBB3C4081A74A2EF001190FB /* Images.xcassets */; };
		CBB3C40C1A74A2EF001190FB /* LaunchScreen.xib in Resources */ = {isa = PBXBuildFile; fileRef = CBB3C40A1A74A2EF001190FB /* LaunchScreen.xib */; };
		CBB3C4181A74A2EF001190FB /* SDRKamkordViewerTests.m in Sources */ = {isa = PBXBuildFile; fileRef = CBB3C4171A74A2EF001190FB /* SDRKamkordViewerTests.m */; };
		CBB3C42A1A75741A001190FB /* SDRVideoFeedTableViewCell.m in Sources */ = {isa = PBXBuildFile; fileRef = CBB3C4281A75741A001190FB /* SDRVideoFeedTableViewCell.m */; };
		CBB3C42B1A75741A001190FB /* SDRVideoFeedTableViewCell.xib in Resources */ = {isa = PBXBuildFile; fileRef = CBB3C4291A75741A001190FB /* SDRVideoFeedTableViewCell.xib */; };
		CBB3C42E1A757CA0001190FB /* SDRCellActionsView.m in Sources */ = {isa = PBXBuildFile; fileRef = CBB3C42D1A757CA0001190FB /* SDRCellActionsView.m */; };
		CBB3C4311A75802E001190FB /* SDRVideoStore.m in Sources */ = {isa = PBXBuildFile; fileRef = CBB3C4301A75802E001190FB /* SDRVideoStore.m */; };
		CBB3C4341A758157001190FB /* SDRVideoChannel.m in Sources */ = {isa = PBXBuildFile; fileRef = CBB3C4331A758157001190FB /* SDRVideoChannel.m */; };
		CBB3C4371A75819F001190FB /* SDRVideo.m in Sources */ = {isa = PBXBuildFile; fileRef = CBB3C4361A75819F001190FB /* SDRVideo.m */; };
		D4B32BC8ABA84E5BBB06558A /* libPods-SDRKamkordViewer.a in Frameworks */ = {isa = PBXBuildFile; fileRef = F151EDFE216644478BF6818C /* libPods-SDRKamkordViewer.a */; };
/* End PBXBuildFile section */

/* Begin PBXContainerItemProxy section */
		CBB3C4121A74A2EF001190FB /* PBXContainerItemProxy */ = {
			isa = PBXContainerItemProxy;
			containerPortal = CBB3C3F01A74A2EF001190FB /* Project object */;
			proxyType = 1;
			remoteGlobalIDString = CBB3C3F71A74A2EF001190FB;
			remoteInfo = SDRKamkordViewer;
		};
/* End PBXContainerItemProxy section */

/* Begin PBXFileReference section */
		8DC599C720C24AF299EB182F /* Pods-SDRKamkordViewer.xcconfig */ = {isa = PBXFileReference; includeInIndex = 1; lastKnownFileType = text.xcconfig; name = "Pods-SDRKamkordViewer.xcconfig"; path = "Pods/Pods-SDRKamkordViewer.xcconfig"; sourceTree = "<group>"; };
		CB6471711A75B8040040F729 /* SDRSpinner.h */ = {isa = PBXFileReference; fileEncoding = 4; lastKnownFileType = sourcecode.c.h; path = SDRSpinner.h; sourceTree = "<group>"; };
		CB6471721A75B8040040F729 /* SDRSpinner.m */ = {isa = PBXFileReference; fileEncoding = 4; lastKnownFileType = sourcecode.c.objc; path = SDRSpinner.m; sourceTree = "<group>"; };
		CBB3C3F81A74A2EF001190FB /* SDRKamkordViewer.app */ = {isa = PBXFileReference; explicitFileType = wrapper.application; includeInIndex = 0; path = SDRKamkordViewer.app; sourceTree = BUILT_PRODUCTS_DIR; };
		CBB3C3FC1A74A2EF001190FB /* Info.plist */ = {isa = PBXFileReference; lastKnownFileType = text.plist.xml; path = Info.plist; sourceTree = "<group>"; };
		CBB3C3FD1A74A2EF001190FB /* main.m */ = {isa = PBXFileReference; lastKnownFileType = sourcecode.c.objc; path = main.m; sourceTree = "<group>"; };
		CBB3C3FF1A74A2EF001190FB /* AppDelegate.h */ = {isa = PBXFileReference; lastKnownFileType = sourcecode.c.h; path = AppDelegate.h; sourceTree = "<group>"; };
		CBB3C4001A74A2EF001190FB /* AppDelegate.m */ = {isa = PBXFileReference; lastKnownFileType = sourcecode.c.objc; path = AppDelegate.m; sourceTree = "<group>"; };
		CBB3C4021A74A2EF001190FB /* SDRVideoFeedViewController.h */ = {isa = PBXFileReference; lastKnownFileType = sourcecode.c.h; path = SDRVideoFeedViewController.h; sourceTree = "<group>"; };
		CBB3C4031A74A2EF001190FB /* SDRVideoFeedViewController.m */ = {isa = PBXFileReference; lastKnownFileType = sourcecode.c.objc; path = SDRVideoFeedViewController.m; sourceTree = "<group>"; };
		CBB3C4081A74A2EF001190FB /* Images.xcassets */ = {isa = PBXFileReference; lastKnownFileType = folder.assetcatalog; path = Images.xcassets; sourceTree = "<group>"; };
		CBB3C40B1A74A2EF001190FB /* Base */ = {isa = PBXFileReference; lastKnownFileType = file.xib; name = Base; path = Base.lproj/LaunchScreen.xib; sourceTree = "<group>"; };
		CBB3C4111A74A2EF001190FB /* SDRKamkordViewerTests.xctest */ = {isa = PBXFileReference; explicitFileType = wrapper.cfbundle; includeInIndex = 0; path = SDRKamkordViewerTests.xctest; sourceTree = BUILT_PRODUCTS_DIR; };
		CBB3C4161A74A2EF001190FB /* Info.plist */ = {isa = PBXFileReference; lastKnownFileType = text.plist.xml; path = Info.plist; sourceTree = "<group>"; };
		CBB3C4171A74A2EF001190FB /* SDRKamkordViewerTests.m */ = {isa = PBXFileReference; lastKnownFileType = sourcecode.c.objc; path = SDRKamkordViewerTests.m; sourceTree = "<group>"; };
		CBB3C4211A756B38001190FB /* SDRComponentConstants.h */ = {isa = PBXFileReference; lastKnownFileType = sourcecode.c.h; path = SDRComponentConstants.h; sourceTree = "<group>"; };
		CBB3C4271A75741A001190FB /* SDRVideoFeedTableViewCell.h */ = {isa = PBXFileReference; fileEncoding = 4; lastKnownFileType = sourcecode.c.h; name = SDRVideoFeedTableViewCell.h; path = ../SDRVideoFeedTableViewCell.h; sourceTree = "<group>"; };
		CBB3C4281A75741A001190FB /* SDRVideoFeedTableViewCell.m */ = {isa = PBXFileReference; fileEncoding = 4; lastKnownFileType = sourcecode.c.objc; name = SDRVideoFeedTableViewCell.m; path = ../SDRVideoFeedTableViewCell.m; sourceTree = "<group>"; };
		CBB3C4291A75741A001190FB /* SDRVideoFeedTableViewCell.xib */ = {isa = PBXFileReference; fileEncoding = 4; lastKnownFileType = file.xib; name = SDRVideoFeedTableViewCell.xib; path = ../SDRVideoFeedTableViewCell.xib; sourceTree = "<group>"; };
		CBB3C42C1A757CA0001190FB /* SDRCellActionsView.h */ = {isa = PBXFileReference; fileEncoding = 4; lastKnownFileType = sourcecode.c.h; path = SDRCellActionsView.h; sourceTree = "<group>"; };
		CBB3C42D1A757CA0001190FB /* SDRCellActionsView.m */ = {isa = PBXFileReference; fileEncoding = 4; lastKnownFileType = sourcecode.c.objc; path = SDRCellActionsView.m; sourceTree = "<group>"; };
		CBB3C42F1A75802E001190FB /* SDRVideoStore.h */ = {isa = PBXFileReference; fileEncoding = 4; lastKnownFileType = sourcecode.c.h; path = SDRVideoStore.h; sourceTree = "<group>"; };
		CBB3C4301A75802E001190FB /* SDRVideoStore.m */ = {isa = PBXFileReference; fileEncoding = 4; lastKnownFileType = sourcecode.c.objc; path = SDRVideoStore.m; sourceTree = "<group>"; };
		CBB3C4321A758157001190FB /* SDRVideoChannel.h */ = {isa = PBXFileReference; fileEncoding = 4; lastKnownFileType = sourcecode.c.h; path = SDRVideoChannel.h; sourceTree = "<group>"; };
		CBB3C4331A758157001190FB /* SDRVideoChannel.m */ = {isa = PBXFileReference; fileEncoding = 4; lastKnownFileType = sourcecode.c.objc; path = SDRVideoChannel.m; sourceTree = "<group>"; };
		CBB3C4351A75819F001190FB /* SDRVideo.h */ = {isa = PBXFileReference; fileEncoding = 4; lastKnownFileType = sourcecode.c.h; path = SDRVideo.h; sourceTree = "<group>"; };
		CBB3C4361A75819F001190FB /* SDRVideo.m */ = {isa = PBXFileReference; fileEncoding = 4; lastKnownFileType = sourcecode.c.objc; path = SDRVideo.m; sourceTree = "<group>"; };
		F151EDFE216644478BF6818C /* libPods-SDRKamkordViewer.a */ = {isa = PBXFileReference; explicitFileType = archive.ar; includeInIndex = 0; path = "libPods-SDRKamkordViewer.a"; sourceTree = BUILT_PRODUCTS_DIR; };
/* End PBXFileReference section */

/* Begin PBXFrameworksBuildPhase section */
		CBB3C3F51A74A2EF001190FB /* Frameworks */ = {
			isa = PBXFrameworksBuildPhase;
			buildActionMask = 2147483647;
			files = (
				D4B32BC8ABA84E5BBB06558A /* libPods-SDRKamkordViewer.a in Frameworks */,
			);
			runOnlyForDeploymentPostprocessing = 0;
		};
		CBB3C40E1A74A2EF001190FB /* Frameworks */ = {
			isa = PBXFrameworksBuildPhase;
			buildActionMask = 2147483647;
			files = (
			);
			runOnlyForDeploymentPostprocessing = 0;
		};
/* End PBXFrameworksBuildPhase section */

/* Begin PBXGroup section */
		C399B9AA6CEF4DE6A1ED215E /* Frameworks */ = {
			isa = PBXGroup;
			children = (
				F151EDFE216644478BF6818C /* libPods-SDRKamkordViewer.a */,
			);
			name = Frameworks;
			sourceTree = "<group>";
		};
		CBB3C3EF1A74A2EF001190FB = {
			isa = PBXGroup;
			children = (
				CBB3C3FA1A74A2EF001190FB /* SDRKamkordViewer */,
				CBB3C4141A74A2EF001190FB /* SDRKamkordViewerTests */,
				CBB3C3F91A74A2EF001190FB /* Products */,
				8DC599C720C24AF299EB182F /* Pods-SDRKamkordViewer.xcconfig */,
				C399B9AA6CEF4DE6A1ED215E /* Frameworks */,
			);
			sourceTree = "<group>";
		};
		CBB3C3F91A74A2EF001190FB /* Products */ = {
			isa = PBXGroup;
			children = (
				CBB3C3F81A74A2EF001190FB /* SDRKamkordViewer.app */,
				CBB3C4111A74A2EF001190FB /* SDRKamkordViewerTests.xctest */,
			);
			name = Products;
			sourceTree = "<group>";
		};
		CBB3C3FA1A74A2EF001190FB /* SDRKamkordViewer */ = {
			isa = PBXGroup;
			children = (
				CBB3C4271A75741A001190FB /* SDRVideoFeedTableViewCell.h */,
				CBB3C4281A75741A001190FB /* SDRVideoFeedTableViewCell.m */,
				CBB3C4291A75741A001190FB /* SDRVideoFeedTableViewCell.xib */,
				CBB3C3FF1A74A2EF001190FB /* AppDelegate.h */,
				CBB3C4001A74A2EF001190FB /* AppDelegate.m */,
				CBB3C4021A74A2EF001190FB /* SDRVideoFeedViewController.h */,
				CBB3C4031A74A2EF001190FB /* SDRVideoFeedViewController.m */,
				CBB3C4211A756B38001190FB /* SDRComponentConstants.h */,
				CBB3C4081A74A2EF001190FB /* Images.xcassets */,
				CBB3C40A1A74A2EF001190FB /* LaunchScreen.xib */,
				CBB3C3FB1A74A2EF001190FB /* Supporting Files */,
				CBB3C42C1A757CA0001190FB /* SDRCellActionsView.h */,
				CBB3C42D1A757CA0001190FB /* SDRCellActionsView.m */,
				CBB3C42F1A75802E001190FB /* SDRVideoStore.h */,
				CBB3C4301A75802E001190FB /* SDRVideoStore.m */,
				CBB3C4321A758157001190FB /* SDRVideoChannel.h */,
				CBB3C4331A758157001190FB /* SDRVideoChannel.m */,
				CBB3C4351A75819F001190FB /* SDRVideo.h */,
				CBB3C4361A75819F001190FB /* SDRVideo.m */,
				CB6471711A75B8040040F729 /* SDRSpinner.h */,
				CB6471721A75B8040040F729 /* SDRSpinner.m */,
			);
			path = SDRKamkordViewer;
			sourceTree = "<group>";
		};
		CBB3C3FB1A74A2EF001190FB /* Supporting Files */ = {
			isa = PBXGroup;
			children = (
				CBB3C3FC1A74A2EF001190FB /* Info.plist */,
				CBB3C3FD1A74A2EF001190FB /* main.m */,
			);
			name = "Supporting Files";
			sourceTree = "<group>";
		};
		CBB3C4141A74A2EF001190FB /* SDRKamkordViewerTests */ = {
			isa = PBXGroup;
			children = (
				CBB3C4171A74A2EF001190FB /* SDRKamkordViewerTests.m */,
				CBB3C4151A74A2EF001190FB /* Supporting Files */,
			);
			path = SDRKamkordViewerTests;
			sourceTree = "<group>";
		};
		CBB3C4151A74A2EF001190FB /* Supporting Files */ = {
			isa = PBXGroup;
			children = (
				CBB3C4161A74A2EF001190FB /* Info.plist */,
			);
			name = "Supporting Files";
			sourceTree = "<group>";
		};
/* End PBXGroup section */

/* Begin PBXNativeTarget section */
		CBB3C3F71A74A2EF001190FB /* SDRKamkordViewer */ = {
			isa = PBXNativeTarget;
			buildConfigurationList = CBB3C41B1A74A2EF001190FB /* Build configuration list for PBXNativeTarget "SDRKamkordViewer" */;
			buildPhases = (
				8AD43F5F210A4C5D8FCAEBDF /* Check Pods Manifest.lock */,
				CBB3C3F41A74A2EF001190FB /* Sources */,
				CBB3C3F51A74A2EF001190FB /* Frameworks */,
				CBB3C3F61A74A2EF001190FB /* Resources */,
				C59F0DBC1F9841B39447ED85 /* Copy Pods Resources */,
			);
			buildRules = (
			);
			dependencies = (
			);
			name = SDRKamkordViewer;
			productName = SDRKamkordViewer;
			productReference = CBB3C3F81A74A2EF001190FB /* SDRKamkordViewer.app */;
			productType = "com.apple.product-type.application";
		};
		CBB3C4101A74A2EF001190FB /* SDRKamkordViewerTests */ = {
			isa = PBXNativeTarget;
			buildConfigurationList = CBB3C41E1A74A2EF001190FB /* Build configuration list for PBXNativeTarget "SDRKamkordViewerTests" */;
			buildPhases = (
				CBB3C40D1A74A2EF001190FB /* Sources */,
				CBB3C40E1A74A2EF001190FB /* Frameworks */,
				CBB3C40F1A74A2EF001190FB /* Resources */,
			);
			buildRules = (
			);
			dependencies = (
				CBB3C4131A74A2EF001190FB /* PBXTargetDependency */,
			);
			name = SDRKamkordViewerTests;
			productName = SDRKamkordViewerTests;
			productReference = CBB3C4111A74A2EF001190FB /* SDRKamkordViewerTests.xctest */;
			productType = "com.apple.product-type.bundle.unit-test";
		};
/* End PBXNativeTarget section */

/* Begin PBXProject section */
		CBB3C3F01A74A2EF001190FB /* Project object */ = {
			isa = PBXProject;
			attributes = {
				LastUpgradeCheck = 0610;
				ORGANIZATIONNAME = SDR;
				TargetAttributes = {
					CBB3C3F71A74A2EF001190FB = {
						CreatedOnToolsVersion = 6.1.1;
					};
					CBB3C4101A74A2EF001190FB = {
						CreatedOnToolsVersion = 6.1.1;
						TestTargetID = CBB3C3F71A74A2EF001190FB;
					};
				};
			};
			buildConfigurationList = CBB3C3F31A74A2EF001190FB /* Build configuration list for PBXProject "SDRKamkordViewer" */;
			compatibilityVersion = "Xcode 3.2";
			developmentRegion = English;
			hasScannedForEncodings = 0;
			knownRegions = (
				en,
				Base,
			);
			mainGroup = CBB3C3EF1A74A2EF001190FB;
			productRefGroup = CBB3C3F91A74A2EF001190FB /* Products */;
			projectDirPath = "";
			projectRoot = "";
			targets = (
				CBB3C3F71A74A2EF001190FB /* SDRKamkordViewer */,
				CBB3C4101A74A2EF001190FB /* SDRKamkordViewerTests */,
			);
		};
/* End PBXProject section */

/* Begin PBXResourcesBuildPhase section */
		CBB3C3F61A74A2EF001190FB /* Resources */ = {
			isa = PBXResourcesBuildPhase;
			buildActionMask = 2147483647;
			files = (
				CBB3C42B1A75741A001190FB /* SDRVideoFeedTableViewCell.xib in Resources */,
				CBB3C40C1A74A2EF001190FB /* LaunchScreen.xib in Resources */,
				CBB3C4091A74A2EF001190FB /* Images.xcassets in Resources */,
			);
			runOnlyForDeploymentPostprocessing = 0;
		};
		CBB3C40F1A74A2EF001190FB /* Resources */ = {
			isa = PBXResourcesBuildPhase;
			buildActionMask = 2147483647;
			files = (
			);
			runOnlyForDeploymentPostprocessing = 0;
		};
/* End PBXResourcesBuildPhase section */

/* Begin PBXShellScriptBuildPhase section */
		8AD43F5F210A4C5D8FCAEBDF /* Check Pods Manifest.lock */ = {
			isa = PBXShellScriptBuildPhase;
			buildActionMask = 2147483647;
			files = (
			);
			inputPaths = (
			);
			name = "Check Pods Manifest.lock";
			outputPaths = (
			);
			runOnlyForDeploymentPostprocessing = 0;
			shellPath = /bin/sh;
			shellScript = "diff \"${PODS_ROOT}/../Podfile.lock\" \"${PODS_ROOT}/Manifest.lock\" > /dev/null\nif [[ $? != 0 ]] ; then\n    cat << EOM\nerror: The sandbox is not in sync with the Podfile.lock. Run 'pod install' or update your CocoaPods installation.\nEOM\n    exit 1\nfi\n";
			showEnvVarsInLog = 0;
		};
		C59F0DBC1F9841B39447ED85 /* Copy Pods Resources */ = {
			isa = PBXShellScriptBuildPhase;
			buildActionMask = 2147483647;
			files = (
			);
			inputPaths = (
			);
			name = "Copy Pods Resources";
			outputPaths = (
			);
			runOnlyForDeploymentPostprocessing = 0;
			shellPath = /bin/sh;
			shellScript = "\"${SRCROOT}/Pods/Pods-SDRKamkordViewer-resources.sh\"\n";
			showEnvVarsInLog = 0;
		};
/* End PBXShellScriptBuildPhase section */

/* Begin PBXSourcesBuildPhase section */
		CBB3C3F41A74A2EF001190FB /* Sources */ = {
			isa = PBXSourcesBuildPhase;
			buildActionMask = 2147483647;
			files = (
				CBB3C4041A74A2EF001190FB /* SDRVideoFeedViewController.m in Sources */,
				CBB3C4341A758157001190FB /* SDRVideoChannel.m in Sources */,
				CBB3C42E1A757CA0001190FB /* SDRCellActionsView.m in Sources */,
				CBB3C42A1A75741A001190FB /* SDRVideoFeedTableViewCell.m in Sources */,
				CB6471731A75B8040040F729 /* SDRSpinner.m in Sources */,
				CBB3C4011A74A2EF001190FB /* AppDelegate.m in Sources */,
				CBB3C4371A75819F001190FB /* SDRVideo.m in Sources */,
				CBB3C3FE1A74A2EF001190FB /* main.m in Sources */,
				CBB3C4311A75802E001190FB /* SDRVideoStore.m in Sources */,
			);
			runOnlyForDeploymentPostprocessing = 0;
		};
		CBB3C40D1A74A2EF001190FB /* Sources */ = {
			isa = PBXSourcesBuildPhase;
			buildActionMask = 2147483647;
			files = (
				CBB3C4181A74A2EF001190FB /* SDRKamkordViewerTests.m in Sources */,
			);
			runOnlyForDeploymentPostprocessing = 0;
		};
/* End PBXSourcesBuildPhase section */

/* Begin PBXTargetDependency section */
		CBB3C4131A74A2EF001190FB /* PBXTargetDependency */ = {
			isa = PBXTargetDependency;
			target = CBB3C3F71A74A2EF001190FB /* SDRKamkordViewer */;
			targetProxy = CBB3C4121A74A2EF001190FB /* PBXContainerItemProxy */;
		};
/* End PBXTargetDependency section */

/* Begin PBXVariantGroup section */
		CBB3C40A1A74A2EF001190FB /* LaunchScreen.xib */ = {
			isa = PBXVariantGroup;
			children = (
				CBB3C40B1A74A2EF001190FB /* Base */,
			);
			name = LaunchScreen.xib;
			sourceTree = "<group>";
		};
/* End PBXVariantGroup section */

/* Begin XCBuildConfiguration section */
		CBB3C4191A74A2EF001190FB /* Debug */ = {
			isa = XCBuildConfiguration;
			buildSettings = {
				ALWAYS_SEARCH_USER_PATHS = NO;
				CLANG_CXX_LANGUAGE_STANDARD = "gnu++0x";
				CLANG_CXX_LIBRARY = "libc++";
				CLANG_ENABLE_MODULES = YES;
				CLANG_ENABLE_OBJC_ARC = YES;
				CLANG_WARN_BOOL_CONVERSION = YES;
				CLANG_WARN_CONSTANT_CONVERSION = YES;
				CLANG_WARN_DIRECT_OBJC_ISA_USAGE = YES_ERROR;
				CLANG_WARN_EMPTY_BODY = YES;
				CLANG_WARN_ENUM_CONVERSION = YES;
				CLANG_WARN_INT_CONVERSION = YES;
				CLANG_WARN_OBJC_ROOT_CLASS = YES_ERROR;
				CLANG_WARN_UNREACHABLE_CODE = YES;
				CLANG_WARN__DUPLICATE_METHOD_MATCH = YES;
				"CODE_SIGN_IDENTITY[sdk=iphoneos*]" = "iPhone Developer";
				COPY_PHASE_STRIP = NO;
				ENABLE_STRICT_OBJC_MSGSEND = YES;
				GCC_C_LANGUAGE_STANDARD = gnu99;
				GCC_DYNAMIC_NO_PIC = NO;
				GCC_OPTIMIZATION_LEVEL = 0;
				GCC_PREPROCESSOR_DEFINITIONS = (
					"DEBUG=1",
					"$(inherited)",
				);
				GCC_SYMBOLS_PRIVATE_EXTERN = NO;
				GCC_WARN_64_TO_32_BIT_CONVERSION = YES;
				GCC_WARN_ABOUT_RETURN_TYPE = YES_ERROR;
				GCC_WARN_UNDECLARED_SELECTOR = YES;
				GCC_WARN_UNINITIALIZED_AUTOS = YES_AGGRESSIVE;
				GCC_WARN_UNUSED_FUNCTION = YES;
				GCC_WARN_UNUSED_VARIABLE = YES;
				IPHONEOS_DEPLOYMENT_TARGET = 8.1;
				MTL_ENABLE_DEBUG_INFO = YES;
				ONLY_ACTIVE_ARCH = YES;
				SDKROOT = iphoneos;
			};
			name = Debug;
		};
		CBB3C41A1A74A2EF001190FB /* Release */ = {
			isa = XCBuildConfiguration;
			buildSettings = {
				ALWAYS_SEARCH_USER_PATHS = NO;
				CLANG_CXX_LANGUAGE_STANDARD = "gnu++0x";
				CLANG_CXX_LIBRARY = "libc++";
				CLANG_ENABLE_MODULES = YES;
				CLANG_ENABLE_OBJC_ARC = YES;
				CLANG_WARN_BOOL_CONVERSION = YES;
				CLANG_WARN_CONSTANT_CONVERSION = YES;
				CLANG_WARN_DIRECT_OBJC_ISA_USAGE = YES_ERROR;
				CLANG_WARN_EMPTY_BODY = YES;
				CLANG_WARN_ENUM_CONVERSION = YES;
				CLANG_WARN_INT_CONVERSION = YES;
				CLANG_WARN_OBJC_ROOT_CLASS = YES_ERROR;
				CLANG_WARN_UNREACHABLE_CODE = YES;
				CLANG_WARN__DUPLICATE_METHOD_MATCH = YES;
				"CODE_SIGN_IDENTITY[sdk=iphoneos*]" = "iPhone Developer";
				COPY_PHASE_STRIP = YES;
				ENABLE_NS_ASSERTIONS = NO;
				ENABLE_STRICT_OBJC_MSGSEND = YES;
				GCC_C_LANGUAGE_STANDARD = gnu99;
				GCC_WARN_64_TO_32_BIT_CONVERSION = YES;
				GCC_WARN_ABOUT_RETURN_TYPE = YES_ERROR;
				GCC_WARN_UNDECLARED_SELECTOR = YES;
				GCC_WARN_UNINITIALIZED_AUTOS = YES_AGGRESSIVE;
				GCC_WARN_UNUSED_FUNCTION = YES;
				GCC_WARN_UNUSED_VARIABLE = YES;
				IPHONEOS_DEPLOYMENT_TARGET = 8.1;
				MTL_ENABLE_DEBUG_INFO = NO;
				SDKROOT = iphoneos;
				VALIDATE_PRODUCT = YES;
			};
			name = Release;
		};
		CBB3C41C1A74A2EF001190FB /* Debug */ = {
			isa = XCBuildConfiguration;
			baseConfigurationReference = 8DC599C720C24AF299EB182F /* Pods-SDRKamkordViewer.xcconfig */;
			buildSettings = {
				ASSETCATALOG_COMPILER_APPICON_NAME = AppIcon;
				INFOPLIST_FILE = SDRKamkordViewer/Info.plist;
				LD_RUNPATH_SEARCH_PATHS = "$(inherited) @executable_path/Frameworks";
				PRODUCT_NAME = "$(TARGET_NAME)";
			};
			name = Debug;
		};
		CBB3C41D1A74A2EF001190FB /* Release */ = {
			isa = XCBuildConfiguration;
			baseConfigurationReference = 8DC599C720C24AF299EB182F /* Pods-SDRKamkordViewer.xcconfig */;
			buildSettings = {
				ASSETCATALOG_COMPILER_APPICON_NAME = AppIcon;
				INFOPLIST_FILE = SDRKamkordViewer/Info.plist;
				LD_RUNPATH_SEARCH_PATHS = "$(inherited) @executable_path/Frameworks";
				PRODUCT_NAME = "$(TARGET_NAME)";
			};
			name = Release;
		};
		CBB3C41F1A74A2EF001190FB /* Debug */ = {
			isa = XCBuildConfiguration;
			buildSettings = {
				BUNDLE_LOADER = "$(TEST_HOST)";
				FRAMEWORK_SEARCH_PATHS = (
					"$(SDKROOT)/Developer/Library/Frameworks",
					"$(inherited)",
				);
				GCC_PREPROCESSOR_DEFINITIONS = (
					"DEBUG=1",
					"$(inherited)",
				);
				INFOPLIST_FILE = SDRKamkordViewerTests/Info.plist;
				LD_RUNPATH_SEARCH_PATHS = "$(inherited) @executable_path/Frameworks @loader_path/Frameworks";
				PRODUCT_NAME = "$(TARGET_NAME)";
				TEST_HOST = "$(BUILT_PRODUCTS_DIR)/SDRKamkordViewer.app/SDRKamkordViewer";
			};
			name = Debug;
		};
		CBB3C4201A74A2EF001190FB /* Release */ = {
			isa = XCBuildConfiguration;
			buildSettings = {
				BUNDLE_LOADER = "$(TEST_HOST)";
				FRAMEWORK_SEARCH_PATHS = (
					"$(SDKROOT)/Developer/Library/Frameworks",
					"$(inherited)",
				);
				INFOPLIST_FILE = SDRKamkordViewerTests/Info.plist;
				LD_RUNPATH_SEARCH_PATHS = "$(inherited) @executable_path/Frameworks @loader_path/Frameworks";
				PRODUCT_NAME = "$(TARGET_NAME)";
				TEST_HOST = "$(BUILT_PRODUCTS_DIR)/SDRKamkordViewer.app/SDRKamkordViewer";
			};
			name = Release;
		};
/* End XCBuildConfiguration section */

/* Begin XCConfigurationList section */
		CBB3C3F31A74A2EF001190FB /* Build configuration list for PBXProject "SDRKamkordViewer" */ = {
			isa = XCConfigurationList;
			buildConfigurations = (
				CBB3C4191A74A2EF001190FB /* Debug */,
				CBB3C41A1A74A2EF001190FB /* Release */,
			);
			defaultConfigurationIsVisible = 0;
			defaultConfigurationName = Release;
		};
		CBB3C41B1A74A2EF001190FB /* Build configuration list for PBXNativeTarget "SDRKamkordViewer" */ = {
			isa = XCConfigurationList;
			buildConfigurations = (
				CBB3C41C1A74A2EF001190FB /* Debug */,
				CBB3C41D1A74A2EF001190FB /* Release */,
			);
			defaultConfigurationIsVisible = 0;
			defaultConfigurationName = Release;
		};
		CBB3C41E1A74A2EF001190FB /* Build configuration list for PBXNativeTarget "SDRKamkordViewerTests" */ = {
			isa = XCConfigurationList;
			buildConfigurations = (
				CBB3C41F1A74A2EF001190FB /* Debug */,
				CBB3C4201A74A2EF001190FB /* Release */,
			);
			defaultConfigurationIsVisible = 0;
			defaultConfigurationName = Release;
		};
/* End XCConfigurationList section */
	};
	rootObject = CBB3C3F01A74A2EF001190FB /* Project object */;
}
